
Microsoft Visual Studio Solution File, Format Version 12.00
# Visual Studio 15
VisualStudioVersion = 15.0.26228.4
MinimumVisualStudioVersion = 10.0.40219.1
Project("{FAE04EC0-301F-11D3-BF4B-00C04F79EFBC}") = "Windows Presentation Found. - ClientApp", "Windows Presentation Found. - ClientApp\Windows Presentation Found. - ClientApp.csproj", "{C0ECBE7D-FBB3-4FFF-9876-0E665CABE315}"
EndProject
Project("{2150E333-8FDC-42A3-9474-1A3956D46DE8}") = "Documentation and Instructions", "Documentation and Instructions", "{046E21D4-1740-4051-BFB5-AD78E9113A5D}"
	ProjectSection(SolutionItems) = preProject
		[DOCUMENTATION]-README.txt = [DOCUMENTATION]-README.txt
	EndProjectSection
EndProject
Project("{FAE04EC0-301F-11D3-BF4B-00C04F79EFBC}") = "Windows Service Application", "Windows Service Application\Windows Service Application.csproj", "{C5DF4CA8-49FC-4614-B975-40C2FA4B5AAA}"
EndProject
Project("{FAE04EC0-301F-11D3-BF4B-00C04F79EFBC}") = "Control Another Service", "Control Another Service\Control Another Service.csproj", "{FFB7D012-7360-417B-87BB-FEF2A439B9BA}"
EndProject
Global
	GlobalSection(SolutionConfigurationPlatforms) = preSolution
		Debug|Any CPU = Debug|Any CPU
		Release|Any CPU = Release|Any CPU
	EndGlobalSection
	GlobalSection(ProjectConfigurationPlatforms) = postSolution
		{C0ECBE7D-FBB3-4FFF-9876-0E665CABE315}.Debug|Any CPU.ActiveCfg = Debug|Any CPU
		{C0ECBE7D-FBB3-4FFF-9876-0E665CABE315}.Debug|Any CPU.Build.0 = Debug|Any CPU
		{C0ECBE7D-FBB3-4FFF-9876-0E665CABE315}.Release|Any CPU.ActiveCfg = Release|Any CPU
		{C0ECBE7D-FBB3-4FFF-9876-0E665CABE315}.Release|Any CPU.Build.0 = Release|Any CPU
		{C5DF4CA8-49FC-4614-B975-40C2FA4B5AAA}.Debug|Any CPU.ActiveCfg = Debug|Any CPU
		{C5DF4CA8-49FC-4614-B975-40C2FA4B5AAA}.Debug|Any CPU.Build.0 = Debug|Any CPU
		{C5DF4CA8-49FC-4614-B975-40C2FA4B5AAA}.Release|Any CPU.ActiveCfg = Release|Any CPU
		{C5DF4CA8-49FC-4614-B975-40C2FA4B5AAA}.Release|Any CPU.Build.0 = Release|Any CPU
		{FFB7D012-7360-417B-87BB-FEF2A439B9BA}.Debug|Any CPU.ActiveCfg = Debug|Any CPU
		{FFB7D012-7360-417B-87BB-FEF2A439B9BA}.Debug|Any CPU.Build.0 = Debug|Any CPU
		{FFB7D012-7360-417B-87BB-FEF2A439B9BA}.Release|Any CPU.ActiveCfg = Release|Any CPU
		{FFB7D012-7360-417B-87BB-FEF2A439B9BA}.Release|Any CPU.Build.0 = Release|Any CPU
	EndGlobalSection
	GlobalSection(SolutionProperties) = preSolution
		HideSolutionNode = FALSE
	EndGlobalSection
EndGlobal
